<Solution>
  <Project Path="BookAndAuthorExercise/BookAndAuthorExercise.csproj" Id="084fe75d-9359-444c-bdaf-ebc56f05f08a" />
  <Project Path="BookExercise/BookExercise.csproj" />
  <Project Path="CarExercise/CarExercise.csproj" />
  <Project Path="ClassExercise/ClassExercise.csproj" Id="cd4d4595-ea30-4f9c-a5a4-8f39aa912845" />
  <Project Path="EmployeeExercise/EmployeeExercise.csproj" Id="b8c38adb-7f77-4785-830f-feeee1c0b1ac" />
  <Project Path="VehicleExercise/VehicleExercise.csproj" Id="1fbbecca-5198-4180-b8bd-5e0003b487c4" />
</Solution>
